
Microsoft Visual Studio Solution File, Format Version 12.00
# Visual Studio Version 17
VisualStudioVersion = 17.5.002.0
MinimumVisualStudioVersion = 10.0.40219.1
Project("{9A19103F-16F7-4668-BE54-9A1E7A4F7556}") = "Final", "Final\Final.csproj", "{C5033C2E-96DA-4894-915A-DA17DA743E94}"
EndProject
Project("{9A19103F-16F7-4668-BE54-9A1E7A4F7556}") = "Starter", "Starter\Starter.csproj", "{C380111C-94BF-4D57-8BC1-25F8351DB835}"
EndProject
Global
	GlobalSection(SolutionConfigurationPlatforms) = preSolution
		Debug|Any CPU = Debug|Any CPU
		Release|Any CPU = Release|Any CPU
	EndGlobalSection
	GlobalSection(ProjectConfigurationPlatforms) = postSolution
		{C5033C2E-96DA-4894-915A-DA17DA743E94}.Debug|Any CPU.ActiveCfg = Debug|Any CPU
		{C5033C2E-96DA-4894-915A-DA17DA743E94}.Debug|Any CPU.Build.0 = Debug|Any CPU
		{C5033C2E-96DA-4894-915A-DA17DA743E94}.Release|Any CPU.ActiveCfg = Release|Any CPU
		{C5033C2E-96DA-4894-915A-DA17DA743E94}.Release|Any CPU.Build.0 = Release|Any CPU
		{C380111C-94BF-4D57-8BC1-25F8351DB835}.Debug|Any CPU.ActiveCfg = Debug|Any CPU
		{C380111C-94BF-4D57-8BC1-25F8351DB835}.Debug|Any CPU.Build.0 = Debug|Any CPU
		{C380111C-94BF-4D57-8BC1-25F8351DB835}.Release|Any CPU.ActiveCfg = Release|Any CPU
		{C380111C-94BF-4D57-8BC1-25F8351DB835}.Release|Any CPU.Build.0 = Release|Any CPU
	EndGlobalSection
	GlobalSection(SolutionProperties) = preSolution
		HideSolutionNode = FALSE
	EndGlobalSection
	GlobalSection(ExtensibilityGlobals) = postSolution
		SolutionGuid = {016CD7EC-2F26-413D-9648-1D8CC2D0A0B3}
	EndGlobalSection
EndGlobal
